
Microsoft Visual Studio Solution File, Format Version 12.00
# Visual Studio Version 16
VisualStudioVersion = 16.0.29111.141
MinimumVisualStudioVersion = 10.0.40219.1
Project("{8BC9CEB8-8B4A-11D0-8D11-00A0C91BC942}") = "ALL_BUILD", "ALL_BUILD.vcxproj", "{AEA90817-46FF-3CBE-9584-B0D82E7A92AA}"
	ProjectSection(ProjectDependencies) = postProject
		{8C1B98CC-E07B-3952-9E61-D1868F1E8470} = {8C1B98CC-E07B-3952-9E61-D1868F1E8470}
		{1A60BEF6-AF78-3E91-B9DB-BC41A3BB8A52} = {1A60BEF6-AF78-3E91-B9DB-BC41A3BB8A52}
		{F8923E9B-EA93-3E34-97EE-BFAE48C19703} = {F8923E9B-EA93-3E34-97EE-BFAE48C19703}
		{F277E7DE-735A-30EC-9588-076A3AFC83B9} = {F277E7DE-735A-30EC-9588-076A3AFC83B9}
		{1937CF1D-9690-322C-9301-DC68F2692736} = {1937CF1D-9690-322C-9301-DC68F2692736}
	EndProjectSection
EndProject
Project("{8BC9CEB8-8B4A-11D0-8D11-00A0C91BC942}") = "INSTALL", "INSTALL.vcxproj", "{9665D757-7EFE-328C-9017-020DDDF8831B}"
	ProjectSection(ProjectDependencies) = postProject
		{AEA90817-46FF-3CBE-9584-B0D82E7A92AA} = {AEA90817-46FF-3CBE-9584-B0D82E7A92AA}
		{8C1B98CC-E07B-3952-9E61-D1868F1E8470} = {8C1B98CC-E07B-3952-9E61-D1868F1E8470}
	EndProjectSection
EndProject
Project("{8BC9CEB8-8B4A-11D0-8D11-00A0C91BC942}") = "ZERO_CHECK", "ZERO_CHECK.vcxproj", "{8C1B98CC-E07B-3952-9E61-D1868F1E8470}"
EndProject
Project("{8BC9CEB8-8B4A-11D0-8D11-00A0C91BC942}") = "libprotobuf", "libprotobuf.vcxproj", "{1A60BEF6-AF78-3E91-B9DB-BC41A3BB8A52}"
	ProjectSection(ProjectDependencies) = postProject
		{8C1B98CC-E07B-3952-9E61-D1868F1E8470} = {8C1B98CC-E07B-3952-9E61-D1868F1E8470}
	EndProjectSection
EndProject
Project("{8BC9CEB8-8B4A-11D0-8D11-00A0C91BC942}") = "libprotobuf-lite", "libprotobuf-lite.vcxproj", "{F8923E9B-EA93-3E34-97EE-BFAE48C19703}"
	ProjectSection(ProjectDependencies) = postProject
		{8C1B98CC-E07B-3952-9E61-D1868F1E8470} = {8C1B98CC-E07B-3952-9E61-D1868F1E8470}
	EndProjectSection
EndProject
Project("{8BC9CEB8-8B4A-11D0-8D11-00A0C91BC942}") = "libprotoc", "libprotoc.vcxproj", "{F277E7DE-735A-30EC-9588-076A3AFC83B9}"
	ProjectSection(ProjectDependencies) = postProject
		{8C1B98CC-E07B-3952-9E61-D1868F1E8470} = {8C1B98CC-E07B-3952-9E61-D1868F1E8470}
		{1A60BEF6-AF78-3E91-B9DB-BC41A3BB8A52} = {1A60BEF6-AF78-3E91-B9DB-BC41A3BB8A52}
	EndProjectSection
EndProject
Project("{8BC9CEB8-8B4A-11D0-8D11-00A0C91BC942}") = "protoc", "protoc.vcxproj", "{1937CF1D-9690-322C-9301-DC68F2692736}"
	ProjectSection(ProjectDependencies) = postProject
		{8C1B98CC-E07B-3952-9E61-D1868F1E8470} = {8C1B98CC-E07B-3952-9E61-D1868F1E8470}
		{1A60BEF6-AF78-3E91-B9DB-BC41A3BB8A52} = {1A60BEF6-AF78-3E91-B9DB-BC41A3BB8A52}
		{F277E7DE-735A-30EC-9588-076A3AFC83B9} = {F277E7DE-735A-30EC-9588-076A3AFC83B9}
	EndProjectSection
EndProject
Project("{2150E333-8FDC-42A3-9474-1A3956D46DE8}") = "src", "src", "{FB002FF5-7991-4110-8718-E4932D6DE3F4}"
EndProject
Project("{9A19103F-16F7-4668-BE54-9A1E7A4F7556}") = "protoc-gen-cs", "src\protoc-gen-cs\protoc-gen-cs.csproj", "{37CDFA38-F77E-4E29-A95A-FE046C810795}"
EndProject
Project("{8BC9CEB8-8B4A-11D0-8D11-00A0C91BC942}") = "libminiprotoc", "src\libprotoc-export\libprotoc-export.vcxproj", "{AE4E366D-2962-4069-AF7A-3D88472C6DD9}"
EndProject
Global
	GlobalSection(SolutionConfigurationPlatforms) = preSolution
		Debug|Win32 = Debug|Win32
		Debug|x64 = Debug|x64
		MinSizeRel|Win32 = MinSizeRel|Win32
		MinSizeRel|x64 = MinSizeRel|x64
		Release|Win32 = Release|Win32
		Release|x64 = Release|x64
		RelWithDebInfo|Win32 = RelWithDebInfo|Win32
		RelWithDebInfo|x64 = RelWithDebInfo|x64
	EndGlobalSection
	GlobalSection(ProjectConfigurationPlatforms) = postSolution
		{AEA90817-46FF-3CBE-9584-B0D82E7A92AA}.Debug|Win32.ActiveCfg = Debug|Win32
		{AEA90817-46FF-3CBE-9584-B0D82E7A92AA}.Debug|Win32.Build.0 = Debug|Win32
		{AEA90817-46FF-3CBE-9584-B0D82E7A92AA}.Debug|x64.ActiveCfg = Debug|Win32
		{AEA90817-46FF-3CBE-9584-B0D82E7A92AA}.MinSizeRel|Win32.ActiveCfg = MinSizeRel|Win32
		{AEA90817-46FF-3CBE-9584-B0D82E7A92AA}.MinSizeRel|Win32.Build.0 = MinSizeRel|Win32
		{AEA90817-46FF-3CBE-9584-B0D82E7A92AA}.MinSizeRel|x64.ActiveCfg = MinSizeRel|Win32
		{AEA90817-46FF-3CBE-9584-B0D82E7A92AA}.Release|Win32.ActiveCfg = Release|Win32
		{AEA90817-46FF-3CBE-9584-B0D82E7A92AA}.Release|Win32.Build.0 = Release|Win32
		{AEA90817-46FF-3CBE-9584-B0D82E7A92AA}.Release|x64.ActiveCfg = Release|Win32
		{AEA90817-46FF-3CBE-9584-B0D82E7A92AA}.RelWithDebInfo|Win32.ActiveCfg = RelWithDebInfo|Win32
		{AEA90817-46FF-3CBE-9584-B0D82E7A92AA}.RelWithDebInfo|Win32.Build.0 = RelWithDebInfo|Win32
		{AEA90817-46FF-3CBE-9584-B0D82E7A92AA}.RelWithDebInfo|x64.ActiveCfg = RelWithDebInfo|Win32
		{9665D757-7EFE-328C-9017-020DDDF8831B}.Debug|Win32.ActiveCfg = Debug|Win32
		{9665D757-7EFE-328C-9017-020DDDF8831B}.Debug|x64.ActiveCfg = Debug|Win32
		{9665D757-7EFE-328C-9017-020DDDF8831B}.MinSizeRel|Win32.ActiveCfg = MinSizeRel|Win32
		{9665D757-7EFE-328C-9017-020DDDF8831B}.MinSizeRel|x64.ActiveCfg = MinSizeRel|Win32
		{9665D757-7EFE-328C-9017-020DDDF8831B}.Release|Win32.ActiveCfg = Release|Win32
		{9665D757-7EFE-328C-9017-020DDDF8831B}.Release|x64.ActiveCfg = Release|Win32
		{9665D757-7EFE-328C-9017-020DDDF8831B}.RelWithDebInfo|Win32.ActiveCfg = RelWithDebInfo|Win32
		{9665D757-7EFE-328C-9017-020DDDF8831B}.RelWithDebInfo|x64.ActiveCfg = RelWithDebInfo|Win32
		{8C1B98CC-E07B-3952-9E61-D1868F1E8470}.Debug|Win32.ActiveCfg = Debug|Win32
		{8C1B98CC-E07B-3952-9E61-D1868F1E8470}.Debug|Win32.Build.0 = Debug|Win32
		{8C1B98CC-E07B-3952-9E61-D1868F1E8470}.Debug|x64.ActiveCfg = Debug|Win32
		{8C1B98CC-E07B-3952-9E61-D1868F1E8470}.MinSizeRel|Win32.ActiveCfg = MinSizeRel|Win32
		{8C1B98CC-E07B-3952-9E61-D1868F1E8470}.MinSizeRel|Win32.Build.0 = MinSizeRel|Win32
		{8C1B98CC-E07B-3952-9E61-D1868F1E8470}.MinSizeRel|x64.ActiveCfg = MinSizeRel|Win32
		{8C1B98CC-E07B-3952-9E61-D1868F1E8470}.Release|Win32.ActiveCfg = Release|Win32
		{8C1B98CC-E07B-3952-9E61-D1868F1E8470}.Release|Win32.Build.0 = Release|Win32
		{8C1B98CC-E07B-3952-9E61-D1868F1E8470}.Release|x64.ActiveCfg = Release|Win32
		{8C1B98CC-E07B-3952-9E61-D1868F1E8470}.RelWithDebInfo|Win32.ActiveCfg = RelWithDebInfo|Win32
		{8C1B98CC-E07B-3952-9E61-D1868F1E8470}.RelWithDebInfo|Win32.Build.0 = RelWithDebInfo|Win32
		{8C1B98CC-E07B-3952-9E61-D1868F1E8470}.RelWithDebInfo|x64.ActiveCfg = RelWithDebInfo|Win32
		{1A60BEF6-AF78-3E91-B9DB-BC41A3BB8A52}.Debug|Win32.ActiveCfg = Debug|Win32
		{1A60BEF6-AF78-3E91-B9DB-BC41A3BB8A52}.Debug|Win32.Build.0 = Debug|Win32
		{1A60BEF6-AF78-3E91-B9DB-BC41A3BB8A52}.Debug|x64.ActiveCfg = Debug|Win32
		{1A60BEF6-AF78-3E91-B9DB-BC41A3BB8A52}.MinSizeRel|Win32.ActiveCfg = MinSizeRel|Win32
		{1A60BEF6-AF78-3E91-B9DB-BC41A3BB8A52}.MinSizeRel|Win32.Build.0 = MinSizeRel|Win32
		{1A60BEF6-AF78-3E91-B9DB-BC41A3BB8A52}.MinSizeRel|x64.ActiveCfg = MinSizeRel|Win32
		{1A60BEF6-AF78-3E91-B9DB-BC41A3BB8A52}.Release|Win32.ActiveCfg = Release|Win32
		{1A60BEF6-AF78-3E91-B9DB-BC41A3BB8A52}.Release|Win32.Build.0 = Release|Win32
		{1A60BEF6-AF78-3E91-B9DB-BC41A3BB8A52}.Release|x64.ActiveCfg = Release|Win32
		{1A60BEF6-AF78-3E91-B9DB-BC41A3BB8A52}.RelWithDebInfo|Win32.ActiveCfg = RelWithDebInfo|Win32
		{1A60BEF6-AF78-3E91-B9DB-BC41A3BB8A52}.RelWithDebInfo|Win32.Build.0 = RelWithDebInfo|Win32
		{1A60BEF6-AF78-3E91-B9DB-BC41A3BB8A52}.RelWithDebInfo|x64.ActiveCfg = RelWithDebInfo|Win32
		{F8923E9B-EA93-3E34-97EE-BFAE48C19703}.Debug|Win32.ActiveCfg = Debug|Win32
		{F8923E9B-EA93-3E34-97EE-BFAE48C19703}.Debug|Win32.Build.0 = Debug|Win32
		{F8923E9B-EA93-3E34-97EE-BFAE48C19703}.Debug|x64.ActiveCfg = Debug|Win32
		{F8923E9B-EA93-3E34-97EE-BFAE48C19703}.MinSizeRel|Win32.ActiveCfg = MinSizeRel|Win32
		{F8923E9B-EA93-3E34-97EE-BFAE48C19703}.MinSizeRel|Win32.Build.0 = MinSizeRel|Win32
		{F8923E9B-EA93-3E34-97EE-BFAE48C19703}.MinSizeRel|x64.ActiveCfg = MinSizeRel|Win32
		{F8923E9B-EA93-3E34-97EE-BFAE48C19703}.Release|Win32.ActiveCfg = Release|Win32
		{F8923E9B-EA93-3E34-97EE-BFAE48C19703}.Release|Win32.Build.0 = Release|Win32
		{F8923E9B-EA93-3E34-97EE-BFAE48C19703}.Release|x64.ActiveCfg = Release|Win32
		{F8923E9B-EA93-3E34-97EE-BFAE48C19703}.RelWithDebInfo|Win32.ActiveCfg = RelWithDebInfo|Win32
		{F8923E9B-EA93-3E34-97EE-BFAE48C19703}.RelWithDebInfo|Win32.Build.0 = RelWithDebInfo|Win32
		{F8923E9B-EA93-3E34-97EE-BFAE48C19703}.RelWithDebInfo|x64.ActiveCfg = RelWithDebInfo|Win32
		{F277E7DE-735A-30EC-9588-076A3AFC83B9}.Debug|Win32.ActiveCfg = Debug|Win32
		{F277E7DE-735A-30EC-9588-076A3AFC83B9}.Debug|Win32.Build.0 = Debug|Win32
		{F277E7DE-735A-30EC-9588-076A3AFC83B9}.Debug|x64.ActiveCfg = Debug|Win32
		{F277E7DE-735A-30EC-9588-076A3AFC83B9}.MinSizeRel|Win32.ActiveCfg = MinSizeRel|Win32
		{F277E7DE-735A-30EC-9588-076A3AFC83B9}.MinSizeRel|Win32.Build.0 = MinSizeRel|Win32
		{F277E7DE-735A-30EC-9588-076A3AFC83B9}.MinSizeRel|x64.ActiveCfg = MinSizeRel|Win32
		{F277E7DE-735A-30EC-9588-076A3AFC83B9}.Release|Win32.ActiveCfg = Release|Win32
		{F277E7DE-735A-30EC-9588-076A3AFC83B9}.Release|Win32.Build.0 = Release|Win32
		{F277E7DE-735A-30EC-9588-076A3AFC83B9}.Release|x64.ActiveCfg = Release|Win32
		{F277E7DE-735A-30EC-9588-076A3AFC83B9}.RelWithDebInfo|Win32.ActiveCfg = RelWithDebInfo|Win32
		{F277E7DE-735A-30EC-9588-076A3AFC83B9}.RelWithDebInfo|Win32.Build.0 = RelWithDebInfo|Win32
		{F277E7DE-735A-30EC-9588-076A3AFC83B9}.RelWithDebInfo|x64.ActiveCfg = RelWithDebInfo|Win32
		{1937CF1D-9690-322C-9301-DC68F2692736}.Debug|Win32.ActiveCfg = Debug|Win32
		{1937CF1D-9690-322C-9301-DC68F2692736}.Debug|Win32.Build.0 = Debug|Win32
		{1937CF1D-9690-322C-9301-DC68F2692736}.Debug|x64.ActiveCfg = Debug|Win32
		{1937CF1D-9690-322C-9301-DC68F2692736}.MinSizeRel|Win32.ActiveCfg = MinSizeRel|Win32
		{1937CF1D-9690-322C-9301-DC68F2692736}.MinSizeRel|Win32.Build.0 = MinSizeRel|Win32
		{1937CF1D-9690-322C-9301-DC68F2692736}.MinSizeRel|x64.ActiveCfg = MinSizeRel|Win32
		{1937CF1D-9690-322C-9301-DC68F2692736}.Release|Win32.ActiveCfg = Release|Win32
		{1937CF1D-9690-322C-9301-DC68F2692736}.Release|Win32.Build.0 = Release|Win32
		{1937CF1D-9690-322C-9301-DC68F2692736}.Release|x64.ActiveCfg = Release|Win32
		{1937CF1D-9690-322C-9301-DC68F2692736}.RelWithDebInfo|Win32.ActiveCfg = RelWithDebInfo|Win32
		{1937CF1D-9690-322C-9301-DC68F2692736}.RelWithDebInfo|Win32.Build.0 = RelWithDebInfo|Win32
		{1937CF1D-9690-322C-9301-DC68F2692736}.RelWithDebInfo|x64.ActiveCfg = RelWithDebInfo|Win32
		{37CDFA38-F77E-4E29-A95A-FE046C810795}.Debug|Win32.ActiveCfg = Debug|Any CPU
		{37CDFA38-F77E-4E29-A95A-FE046C810795}.Debug|Win32.Build.0 = Debug|Any CPU
		{37CDFA38-F77E-4E29-A95A-FE046C810795}.Debug|x64.ActiveCfg = Debug|Any CPU
		{37CDFA38-F77E-4E29-A95A-FE046C810795}.Debug|x64.Build.0 = Debug|Any CPU
		{37CDFA38-F77E-4E29-A95A-FE046C810795}.MinSizeRel|Win32.ActiveCfg = Debug|Any CPU
		{37CDFA38-F77E-4E29-A95A-FE046C810795}.MinSizeRel|Win32.Build.0 = Debug|Any CPU
		{37CDFA38-F77E-4E29-A95A-FE046C810795}.MinSizeRel|x64.ActiveCfg = Release|Any CPU
		{37CDFA38-F77E-4E29-A95A-FE046C810795}.MinSizeRel|x64.Build.0 = Release|Any CPU
		{37CDFA38-F77E-4E29-A95A-FE046C810795}.Release|Win32.ActiveCfg = Release|Any CPU
		{37CDFA38-F77E-4E29-A95A-FE046C810795}.Release|Win32.Build.0 = Release|Any CPU
		{37CDFA38-F77E-4E29-A95A-FE046C810795}.Release|x64.ActiveCfg = Release|Any CPU
		{37CDFA38-F77E-4E29-A95A-FE046C810795}.Release|x64.Build.0 = Release|Any CPU
		{37CDFA38-F77E-4E29-A95A-FE046C810795}.RelWithDebInfo|Win32.ActiveCfg = Debug|Any CPU
		{37CDFA38-F77E-4E29-A95A-FE046C810795}.RelWithDebInfo|Win32.Build.0 = Debug|Any CPU
		{37CDFA38-F77E-4E29-A95A-FE046C810795}.RelWithDebInfo|x64.ActiveCfg = Release|Any CPU
		{37CDFA38-F77E-4E29-A95A-FE046C810795}.RelWithDebInfo|x64.Build.0 = Release|Any CPU
		{AE4E366D-2962-4069-AF7A-3D88472C6DD9}.Debug|Win32.ActiveCfg = Debug|Win32
		{AE4E366D-2962-4069-AF7A-3D88472C6DD9}.Debug|Win32.Build.0 = Debug|Win32
		{AE4E366D-2962-4069-AF7A-3D88472C6DD9}.Debug|x64.ActiveCfg = Debug|x64
		{AE4E366D-2962-4069-AF7A-3D88472C6DD9}.Debug|x64.Build.0 = Debug|x64
		{AE4E366D-2962-4069-AF7A-3D88472C6DD9}.MinSizeRel|Win32.ActiveCfg = Release|Win32
		{AE4E366D-2962-4069-AF7A-3D88472C6DD9}.MinSizeRel|Win32.Build.0 = Release|Win32
		{AE4E366D-2962-4069-AF7A-3D88472C6DD9}.MinSizeRel|x64.ActiveCfg = Release|x64
		{AE4E366D-2962-4069-AF7A-3D88472C6DD9}.MinSizeRel|x64.Build.0 = Release|x64
		{AE4E366D-2962-4069-AF7A-3D88472C6DD9}.Release|Win32.ActiveCfg = Release|Win32
		{AE4E366D-2962-4069-AF7A-3D88472C6DD9}.Release|Win32.Build.0 = Release|Win32
		{AE4E366D-2962-4069-AF7A-3D88472C6DD9}.Release|x64.ActiveCfg = Release|x64
		{AE4E366D-2962-4069-AF7A-3D88472C6DD9}.Release|x64.Build.0 = Release|x64
		{AE4E366D-2962-4069-AF7A-3D88472C6DD9}.RelWithDebInfo|Win32.ActiveCfg = Release|Win32
		{AE4E366D-2962-4069-AF7A-3D88472C6DD9}.RelWithDebInfo|Win32.Build.0 = Release|Win32
		{AE4E366D-2962-4069-AF7A-3D88472C6DD9}.RelWithDebInfo|x64.ActiveCfg = Release|x64
		{AE4E366D-2962-4069-AF7A-3D88472C6DD9}.RelWithDebInfo|x64.Build.0 = Release|x64
	EndGlobalSection
	GlobalSection(SolutionProperties) = preSolution
		HideSolutionNode = FALSE
	EndGlobalSection
	GlobalSection(NestedProjects) = preSolution
		{37CDFA38-F77E-4E29-A95A-FE046C810795} = {FB002FF5-7991-4110-8718-E4932D6DE3F4}
		{AE4E366D-2962-4069-AF7A-3D88472C6DD9} = {FB002FF5-7991-4110-8718-E4932D6DE3F4}
	EndGlobalSection
	GlobalSection(ExtensibilityGlobals) = postSolution
		SolutionGuid = {8CAF78FD-9F3F-3F22-9A57-D9AAB5FA506B}
	EndGlobalSection
EndGlobal
