<?xml version="1.0" encoding="utf-8"?>
<Project ToolsVersion="16.0" xmlns="http://schemas.microsoft.com/developer/msbuild/2003">
  <ItemGroup>
    <CustomBuild Include="CMakeFiles\eb93c491beaa2932015f922f0f89c602\generate.stamp.rule">
      <Filter>CMake Rules</Filter>
    </CustomBuild>
  </ItemGroup>
  <ItemGroup>
    <Filter Include="CMake Rules">
      <UniqueIdentifier>{355B92B6-EFDF-35B3-80D4-34AB7A377925}</UniqueIdentifier>
    </Filter>
  </ItemGroup>
</Project>
